
Microsoft Visual Studio Solution File, Format Version 12.00
# Visual Studio Version 17
VisualStudioVersion = 17.13.35825.156 d17.13
MinimumVisualStudioVersion = 10.0.40219.1
Project("{FAE04EC0-301F-11D3-BF4B-00C04F79EFBC}") = "UTS", "apalah\UTS.csproj", "{B28E012C-BB70-4AB0-840C-C948ADF534CA}"
EndProject
Global
	GlobalSection(SolutionConfigurationPlatforms) = preSolution
		Debug|Any CPU = Debug|Any CPU
		Release|Any CPU = Release|Any CPU
	EndGlobalSection
	GlobalSection(ProjectConfigurationPlatforms) = postSolution
		{B28E012C-BB70-4AB0-840C-C948ADF534CA}.Debug|Any CPU.ActiveCfg = Debug|Any CPU
		{B28E012C-BB70-4AB0-840C-C948ADF534CA}.Debug|Any CPU.Build.0 = Debug|Any CPU
		{B28E012C-BB70-4AB0-840C-C948ADF534CA}.Release|Any CPU.ActiveCfg = Release|Any CPU
		{B28E012C-BB70-4AB0-840C-C948ADF534CA}.Release|Any CPU.Build.0 = Release|Any CPU
	EndGlobalSection
	GlobalSection(SolutionProperties) = preSolution
		HideSolutionNode = FALSE
	EndGlobalSection
	GlobalSection(ExtensibilityGlobals) = postSolution
		SolutionGuid = {575A4FAB-A979-40A9-B93A-5E6CD370123A}
	EndGlobalSection
EndGlobal
